// !$*UTF8*$!
{
	archiveVersion = 1;
	classes = {
	};
	objectVersion = 77;
	objects = {

/* Begin PBXBuildFile section */
		714CD1BC2EFDC22200FE4D9A /* Supabase in Frameworks */ = {isa = PBXBuildFile; productRef = 714CD1BB2EFDC22200FE4D9A /* Supabase */; };
		714CD1C72EFDD62500FE4D9A /* ConfettiSwiftUI in Frameworks */ = {isa = PBXBuildFile; productRef = 714CD1C62EFDD62500FE4D9A /* ConfettiSwiftUI */; };
		714CD2002EFF214E00FE4D9A /* Clerk in Frameworks */ = {isa = PBXBuildFile; productRef = 714CD1FF2EFF214E00FE4D9A /* Clerk */; };
		714CD2032EFF215B00FE4D9A /* PostHog in Frameworks */ = {isa = PBXBuildFile; productRef = 714CD2022EFF215B00FE4D9A /* PostHog */; };
		714CD37F2F004FCE00FE4D9A /* RevenueCat in Frameworks */ = {isa = PBXBuildFile; productRef = 714CD37E2F004FCE00FE4D9A /* RevenueCat */; };
		714CD3812F004FCE00FE4D9A /* RevenueCatUI in Frameworks */ = {isa = PBXBuildFile; productRef = 714CD3802F004FCE00FE4D9A /* RevenueCatUI */; };
		71C6AE4B2F00BDE90070952D /* WidgetKit.framework in Frameworks */ = {isa = PBXBuildFile; fileRef = 71C6AE4A2F00BDE90070952D /* WidgetKit.framework */; };
		71C6AE4D2F00BDE90070952D /* SwiftUI.framework in Frameworks */ = {isa = PBXBuildFile; fileRef = 71C6AE4C2F00BDE90070952D /* SwiftUI.framework */; };
		71C6AE582F00BDEB0070952D /* JournalWidgetExtension.appex in Embed Foundation Extensions */ = {isa = PBXBuildFile; fileRef = 71C6AE482F00BDE90070952D /* JournalWidgetExtension.appex */; settings = {ATTRIBUTES = (RemoveHeadersOnCopy, ); }; };
/* End PBXBuildFile section */

/* Begin PBXContainerItemProxy section */
		71C6AE562F00BDEB0070952D /* PBXContainerItemProxy */ = {
			isa = PBXContainerItemProxy;
			containerPortal = 719E078B2EFD868200ACB70A /* Project object */;
			proxyType = 1;
			remoteGlobalIDString = 71C6AE472F00BDE90070952D;
			remoteInfo = JournalWidgetExtension;
		};
/* End PBXContainerItemProxy section */

/* Begin PBXCopyFilesBuildPhase section */
		71C6AE5D2F00BDEB0070952D /* Embed Foundation Extensions */ = {
			isa = PBXCopyFilesBuildPhase;
			buildActionMask = 2147483647;
			dstPath = "";
			dstSubfolderSpec = 13;
			files = (
				71C6AE582F00BDEB0070952D /* JournalWidgetExtension.appex in Embed Foundation Extensions */,
			);
			name = "Embed Foundation Extensions";
			runOnlyForDeploymentPostprocessing = 0;
		};
/* End PBXCopyFilesBuildPhase section */

/* Begin PBXFileReference section */
		719E07932EFD868200ACB70A /* MeetJournal.app */ = {isa = PBXFileReference; explicitFileType = wrapper.application; includeInIndex = 0; path = MeetJournal.app; sourceTree = BUILT_PRODUCTS_DIR; };
		719E07CC2EFDB84C00ACB70A /* Config.xcconfig */ = {isa = PBXFileReference; lastKnownFileType = text.xcconfig; path = Config.xcconfig; sourceTree = "<group>"; };
		71C6AE482F00BDE90070952D /* JournalWidgetExtension.appex */ = {isa = PBXFileReference; explicitFileType = "wrapper.app-extension"; includeInIndex = 0; path = JournalWidgetExtension.appex; sourceTree = BUILT_PRODUCTS_DIR; };
		71C6AE4A2F00BDE90070952D /* WidgetKit.framework */ = {isa = PBXFileReference; lastKnownFileType = wrapper.framework; name = WidgetKit.framework; path = System/Library/Frameworks/WidgetKit.framework; sourceTree = SDKROOT; };
		71C6AE4C2F00BDE90070952D /* SwiftUI.framework */ = {isa = PBXFileReference; lastKnownFileType = wrapper.framework; name = SwiftUI.framework; path = System/Library/Frameworks/SwiftUI.framework; sourceTree = SDKROOT; };
/* End PBXFileReference section */

/* Begin PBXFileSystemSynchronizedBuildFileExceptionSet section */
		719E07CF2EFDB8A300ACB70A /* Exceptions for "MeetJournal" folder in "MeetJournal" target */ = {
			isa = PBXFileSystemSynchronizedBuildFileExceptionSet;
			membershipExceptions = (
				Info.plist,
			);
			target = 719E07922EFD868200ACB70A /* MeetJournal */;
		};
		71C6AE5C2F00BDEB0070952D /* Exceptions for "JournalWidget" folder in "JournalWidgetExtension" target */ = {
			isa = PBXFileSystemSynchronizedBuildFileExceptionSet;
			membershipExceptions = (
				Info.plist,
			);
			target = 71C6AE472F00BDE90070952D /* JournalWidgetExtension */;
		};
		71C6AE652F0323730070952D /* Exceptions for "MeetJournal" folder in "JournalWidgetExtension" target */ = {
			isa = PBXFileSystemSynchronizedBuildFileExceptionSet;
			membershipExceptions = (
				Frontend/Components/icon.icon,
			);
			target = 71C6AE472F00BDE90070952D /* JournalWidgetExtension */;
		};
/* End PBXFileSystemSynchronizedBuildFileExceptionSet section */

/* Begin PBXFileSystemSynchronizedRootGroup section */
		719E07952EFD868200ACB70A /* MeetJournal */ = {
			isa = PBXFileSystemSynchronizedRootGroup;
			exceptions = (
				719E07CF2EFDB8A300ACB70A /* Exceptions for "MeetJournal" folder in "MeetJournal" target */,
				71C6AE652F0323730070952D /* Exceptions for "MeetJournal" folder in "JournalWidgetExtension" target */,
			);
			path = MeetJournal;
			sourceTree = "<group>";
		};
		71C6AE4E2F00BDE90070952D /* JournalWidget */ = {
			isa = PBXFileSystemSynchronizedRootGroup;
			exceptions = (
				71C6AE5C2F00BDEB0070952D /* Exceptions for "JournalWidget" folder in "JournalWidgetExtension" target */,
			);
			path = JournalWidget;
			sourceTree = "<group>";
		};
/* End PBXFileSystemSynchronizedRootGroup section */

/* Begin PBXFrameworksBuildPhase section */
		719E07902EFD868200ACB70A /* Frameworks */ = {
			isa = PBXFrameworksBuildPhase;
			buildActionMask = 2147483647;
			files = (
				714CD2002EFF214E00FE4D9A /* Clerk in Frameworks */,
				714CD1C72EFDD62500FE4D9A /* ConfettiSwiftUI in Frameworks */,
				714CD3812F004FCE00FE4D9A /* RevenueCatUI in Frameworks */,
				714CD37F2F004FCE00FE4D9A /* RevenueCat in Frameworks */,
				714CD1BC2EFDC22200FE4D9A /* Supabase in Frameworks */,
				714CD2032EFF215B00FE4D9A /* PostHog in Frameworks */,
			);
			runOnlyForDeploymentPostprocessing = 0;
		};
		71C6AE452F00BDE90070952D /* Frameworks */ = {
			isa = PBXFrameworksBuildPhase;
			buildActionMask = 2147483647;
			files = (
				71C6AE4D2F00BDE90070952D /* SwiftUI.framework in Frameworks */,
				71C6AE4B2F00BDE90070952D /* WidgetKit.framework in Frameworks */,
			);
			runOnlyForDeploymentPostprocessing = 0;
		};
/* End PBXFrameworksBuildPhase section */

/* Begin PBXGroup section */
		719E078A2EFD868200ACB70A = {
			isa = PBXGroup;
			children = (
				719E07CC2EFDB84C00ACB70A /* Config.xcconfig */,
				719E07952EFD868200ACB70A /* MeetJournal */,
				71C6AE4E2F00BDE90070952D /* JournalWidget */,
				71C6AE492F00BDE90070952D /* Frameworks */,
				719E07942EFD868200ACB70A /* Products */,
			);
			sourceTree = "<group>";
		};
		719E07942EFD868200ACB70A /* Products */ = {
			isa = PBXGroup;
			children = (
				719E07932EFD868200ACB70A /* MeetJournal.app */,
				71C6AE482F00BDE90070952D /* JournalWidgetExtension.appex */,
			);
			name = Products;
			sourceTree = "<group>";
		};
		71C6AE492F00BDE90070952D /* Frameworks */ = {
			isa = PBXGroup;
			children = (
				71C6AE4A2F00BDE90070952D /* WidgetKit.framework */,
				71C6AE4C2F00BDE90070952D /* SwiftUI.framework */,
			);
			name = Frameworks;
			sourceTree = "<group>";
		};
/* End PBXGroup section */

/* Begin PBXNativeTarget section */
		719E07922EFD868200ACB70A /* MeetJournal */ = {
			isa = PBXNativeTarget;
			buildConfigurationList = 719E079E2EFD868300ACB70A /* Build configuration list for PBXNativeTarget "MeetJournal" */;
			buildPhases = (
				719E078F2EFD868200ACB70A /* Sources */,
				719E07902EFD868200ACB70A /* Frameworks */,
				719E07912EFD868200ACB70A /* Resources */,
				71C6AE5D2F00BDEB0070952D /* Embed Foundation Extensions */,
			);
			buildRules = (
			);
			dependencies = (
				71C6AE572F00BDEB0070952D /* PBXTargetDependency */,
			);
			fileSystemSynchronizedGroups = (
				719E07952EFD868200ACB70A /* MeetJournal */,
			);
			name = MeetJournal;
			packageProductDependencies = (
				714CD1BB2EFDC22200FE4D9A /* Supabase */,
				714CD1C62EFDD62500FE4D9A /* ConfettiSwiftUI */,
				714CD1FF2EFF214E00FE4D9A /* Clerk */,
				714CD2022EFF215B00FE4D9A /* PostHog */,
				714CD37E2F004FCE00FE4D9A /* RevenueCat */,
				714CD3802F004FCE00FE4D9A /* RevenueCatUI */,
			);
			productName = MeetJournal;
			productReference = 719E07932EFD868200ACB70A /* MeetJournal.app */;
			productType = "com.apple.product-type.application";
		};
		71C6AE472F00BDE90070952D /* JournalWidgetExtension */ = {
			isa = PBXNativeTarget;
			buildConfigurationList = 71C6AE592F00BDEB0070952D /* Build configuration list for PBXNativeTarget "JournalWidgetExtension" */;
			buildPhases = (
				71C6AE442F00BDE90070952D /* Sources */,
				71C6AE452F00BDE90070952D /* Frameworks */,
				71C6AE462F00BDE90070952D /* Resources */,
			);
			buildRules = (
			);
			dependencies = (
			);
			fileSystemSynchronizedGroups = (
				71C6AE4E2F00BDE90070952D /* JournalWidget */,
			);
			name = JournalWidgetExtension;
			packageProductDependencies = (
			);
			productName = JournalWidgetExtension;
			productReference = 71C6AE482F00BDE90070952D /* JournalWidgetExtension.appex */;
			productType = "com.apple.product-type.app-extension";
		};
/* End PBXNativeTarget section */

/* Begin PBXProject section */
		719E078B2EFD868200ACB70A /* Project object */ = {
			isa = PBXProject;
			attributes = {
				BuildIndependentTargetsInParallel = 1;
				LastSwiftUpdateCheck = 2620;
				LastUpgradeCheck = 2620;
				TargetAttributes = {
					719E07922EFD868200ACB70A = {
						CreatedOnToolsVersion = 26.2;
					};
					71C6AE472F00BDE90070952D = {
						CreatedOnToolsVersion = 26.2;
					};
				};
			};
			buildConfigurationList = 719E078E2EFD868200ACB70A /* Build configuration list for PBXProject "MeetJournal" */;
			developmentRegion = en;
			hasScannedForEncodings = 0;
			knownRegions = (
				en,
				Base,
			);
			mainGroup = 719E078A2EFD868200ACB70A;
			minimizedProjectReferenceProxies = 1;
			packageReferences = (
				714CD1BA2EFDC22200FE4D9A /* XCRemoteSwiftPackageReference "supabase-swift" */,
				714CD1C52EFDD62500FE4D9A /* XCRemoteSwiftPackageReference "ConfettiSwiftUI" */,
				714CD1FE2EFF214E00FE4D9A /* XCRemoteSwiftPackageReference "clerk-ios" */,
				714CD2012EFF215B00FE4D9A /* XCRemoteSwiftPackageReference "posthog-ios" */,
				714CD37D2F004FCE00FE4D9A /* XCRemoteSwiftPackageReference "purchases-ios-spm" */,
			);
			preferredProjectObjectVersion = 77;
			productRefGroup = 719E07942EFD868200ACB70A /* Products */;
			projectDirPath = "";
			projectRoot = "";
			targets = (
				719E07922EFD868200ACB70A /* MeetJournal */,
				71C6AE472F00BDE90070952D /* JournalWidgetExtension */,
			);
		};
/* End PBXProject section */

/* Begin PBXResourcesBuildPhase section */
		719E07912EFD868200ACB70A /* Resources */ = {
			isa = PBXResourcesBuildPhase;
			buildActionMask = 2147483647;
			files = (
			);
			runOnlyForDeploymentPostprocessing = 0;
		};
		71C6AE462F00BDE90070952D /* Resources */ = {
			isa = PBXResourcesBuildPhase;
			buildActionMask = 2147483647;
			files = (
			);
			runOnlyForDeploymentPostprocessing = 0;
		};
/* End PBXResourcesBuildPhase section */

/* Begin PBXSourcesBuildPhase section */
		719E078F2EFD868200ACB70A /* Sources */ = {
			isa = PBXSourcesBuildPhase;
			buildActionMask = 2147483647;
			files = (
			);
			runOnlyForDeploymentPostprocessing = 0;
		};
		71C6AE442F00BDE90070952D /* Sources */ = {
			isa = PBXSourcesBuildPhase;
			buildActionMask = 2147483647;
			files = (
			);
			runOnlyForDeploymentPostprocessing = 0;
		};
/* End PBXSourcesBuildPhase section */

/* Begin PBXTargetDependency section */
		71C6AE572F00BDEB0070952D /* PBXTargetDependency */ = {
			isa = PBXTargetDependency;
			target = 71C6AE472F00BDE90070952D /* JournalWidgetExtension */;
			targetProxy = 71C6AE562F00BDEB0070952D /* PBXContainerItemProxy */;
		};
/* End PBXTargetDependency section */

/* Begin XCBuildConfiguration section */
		719E079C2EFD868300ACB70A /* Debug */ = {
			isa = XCBuildConfiguration;
			buildSettings = {
				ALWAYS_SEARCH_USER_PATHS = NO;
				ASSETCATALOG_COMPILER_GENERATE_SWIFT_ASSET_SYMBOL_EXTENSIONS = YES;
				CLANG_ANALYZER_NONNULL = YES;
				CLANG_ANALYZER_NUMBER_OBJECT_CONVERSION = YES_AGGRESSIVE;
				CLANG_CXX_LANGUAGE_STANDARD = "gnu++20";
				CLANG_ENABLE_MODULES = YES;
				CLANG_ENABLE_OBJC_ARC = YES;
				CLANG_ENABLE_OBJC_WEAK = YES;
				CLANG_WARN_BLOCK_CAPTURE_AUTORELEASING = YES;
				CLANG_WARN_BOOL_CONVERSION = YES;
				CLANG_WARN_COMMA = YES;
				CLANG_WARN_CONSTANT_CONVERSION = YES;
				CLANG_WARN_DEPRECATED_OBJC_IMPLEMENTATIONS = YES;
				CLANG_WARN_DIRECT_OBJC_ISA_USAGE = YES_ERROR;
				CLANG_WARN_DOCUMENTATION_COMMENTS = YES;
				CLANG_WARN_EMPTY_BODY = YES;
				CLANG_WARN_ENUM_CONVERSION = YES;
				CLANG_WARN_INFINITE_RECURSION = YES;
				CLANG_WARN_INT_CONVERSION = YES;
				CLANG_WARN_NON_LITERAL_NULL_CONVERSION = YES;
				CLANG_WARN_OBJC_IMPLICIT_RETAIN_SELF = YES;
				CLANG_WARN_OBJC_LITERAL_CONVERSION = YES;
				CLANG_WARN_OBJC_ROOT_CLASS = YES_ERROR;
				CLANG_WARN_QUOTED_INCLUDE_IN_FRAMEWORK_HEADER = YES;
				CLANG_WARN_RANGE_LOOP_ANALYSIS = YES;
				CLANG_WARN_STRICT_PROTOTYPES = YES;
				CLANG_WARN_SUSPICIOUS_MOVE = YES;
				CLANG_WARN_UNGUARDED_AVAILABILITY = YES_AGGRESSIVE;
				CLANG_WARN_UNREACHABLE_CODE = YES;
				CLANG_WARN__DUPLICATE_METHOD_MATCH = YES;
				COPY_PHASE_STRIP = NO;
				DEBUG_INFORMATION_FORMAT = dwarf;
				DEVELOPMENT_TEAM = HCK9FFW6UX;
				ENABLE_STRICT_OBJC_MSGSEND = YES;
				ENABLE_TESTABILITY = YES;
				ENABLE_USER_SCRIPT_SANDBOXING = YES;
				GCC_C_LANGUAGE_STANDARD = gnu17;
				GCC_DYNAMIC_NO_PIC = NO;
				GCC_NO_COMMON_BLOCKS = YES;
				GCC_OPTIMIZATION_LEVEL = 0;
				GCC_PREPROCESSOR_DEFINITIONS = (
					"DEBUG=1",
					"$(inherited)",
				);
				GCC_WARN_64_TO_32_BIT_CONVERSION = YES;
				GCC_WARN_ABOUT_RETURN_TYPE = YES_ERROR;
				GCC_WARN_UNDECLARED_SELECTOR = YES;
				GCC_WARN_UNINITIALIZED_AUTOS = YES_AGGRESSIVE;
				GCC_WARN_UNUSED_FUNCTION = YES;
				GCC_WARN_UNUSED_VARIABLE = YES;
				IPHONEOS_DEPLOYMENT_TARGET = 26.2;
				LOCALIZATION_PREFERS_STRING_CATALOGS = YES;
				MTL_ENABLE_DEBUG_INFO = INCLUDE_SOURCE;
				MTL_FAST_MATH = YES;
				ONLY_ACTIVE_ARCH = YES;
				SDKROOT = iphoneos;
				STRING_CATALOG_GENERATE_SYMBOLS = YES;
				SWIFT_ACTIVE_COMPILATION_CONDITIONS = "DEBUG $(inherited)";
				SWIFT_OPTIMIZATION_LEVEL = "-Onone";
			};
			name = Debug;
		};
		719E079D2EFD868300ACB70A /* Release */ = {
			isa = XCBuildConfiguration;
			buildSettings = {
				ALWAYS_SEARCH_USER_PATHS = NO;
				ASSETCATALOG_COMPILER_GENERATE_SWIFT_ASSET_SYMBOL_EXTENSIONS = YES;
				CLANG_ANALYZER_NONNULL = YES;
				CLANG_ANALYZER_NUMBER_OBJECT_CONVERSION = YES_AGGRESSIVE;
				CLANG_CXX_LANGUAGE_STANDARD = "gnu++20";
				CLANG_ENABLE_MODULES = YES;
				CLANG_ENABLE_OBJC_ARC = YES;
				CLANG_ENABLE_OBJC_WEAK = YES;
				CLANG_WARN_BLOCK_CAPTURE_AUTORELEASING = YES;
				CLANG_WARN_BOOL_CONVERSION = YES;
				CLANG_WARN_COMMA = YES;
				CLANG_WARN_CONSTANT_CONVERSION = YES;
				CLANG_WARN_DEPRECATED_OBJC_IMPLEMENTATIONS = YES;
				CLANG_WARN_DIRECT_OBJC_ISA_USAGE = YES_ERROR;
				CLANG_WARN_DOCUMENTATION_COMMENTS = YES;
				CLANG_WARN_EMPTY_BODY = YES;
				CLANG_WARN_ENUM_CONVERSION = YES;
				CLANG_WARN_INFINITE_RECURSION = YES;
				CLANG_WARN_INT_CONVERSION = YES;
				CLANG_WARN_NON_LITERAL_NULL_CONVERSION = YES;
				CLANG_WARN_OBJC_IMPLICIT_RETAIN_SELF = YES;
				CLANG_WARN_OBJC_LITERAL_CONVERSION = YES;
				CLANG_WARN_OBJC_ROOT_CLASS = YES_ERROR;
				CLANG_WARN_QUOTED_INCLUDE_IN_FRAMEWORK_HEADER = YES;
				CLANG_WARN_RANGE_LOOP_ANALYSIS = YES;
				CLANG_WARN_STRICT_PROTOTYPES = YES;
				CLANG_WARN_SUSPICIOUS_MOVE = YES;
				CLANG_WARN_UNGUARDED_AVAILABILITY = YES_AGGRESSIVE;
				CLANG_WARN_UNREACHABLE_CODE = YES;
				CLANG_WARN__DUPLICATE_METHOD_MATCH = YES;
				COPY_PHASE_STRIP = NO;
				DEBUG_INFORMATION_FORMAT = "dwarf-with-dsym";
				DEVELOPMENT_TEAM = HCK9FFW6UX;
				ENABLE_NS_ASSERTIONS = NO;
				ENABLE_STRICT_OBJC_MSGSEND = YES;
				ENABLE_USER_SCRIPT_SANDBOXING = YES;
				GCC_C_LANGUAGE_STANDARD = gnu17;
				GCC_NO_COMMON_BLOCKS = YES;
				GCC_WARN_64_TO_32_BIT_CONVERSION = YES;
				GCC_WARN_ABOUT_RETURN_TYPE = YES_ERROR;
				GCC_WARN_UNDECLARED_SELECTOR = YES;
				GCC_WARN_UNINITIALIZED_AUTOS = YES_AGGRESSIVE;
				GCC_WARN_UNUSED_FUNCTION = YES;
				GCC_WARN_UNUSED_VARIABLE = YES;
				IPHONEOS_DEPLOYMENT_TARGET = 26.2;
				LOCALIZATION_PREFERS_STRING_CATALOGS = YES;
				MTL_ENABLE_DEBUG_INFO = NO;
				MTL_FAST_MATH = YES;
				SDKROOT = iphoneos;
				STRING_CATALOG_GENERATE_SYMBOLS = YES;
				SWIFT_COMPILATION_MODE = wholemodule;
				VALIDATE_PRODUCT = YES;
			};
			name = Release;
		};
		719E079F2EFD868300ACB70A /* Debug */ = {
			isa = XCBuildConfiguration;
			buildSettings = {
				ASSETCATALOG_COMPILER_APPICON_NAME = icon;
				ASSETCATALOG_COMPILER_GLOBAL_ACCENT_COLOR_NAME = AccentColor;
				ASSETCATALOG_COMPILER_INCLUDE_ALL_APPICON_ASSETS = YES;
				CODE_SIGN_ENTITLEMENTS = MeetJournal/MeetJournal.entitlements;
				CODE_SIGN_STYLE = Automatic;
				CURRENT_PROJECT_VERSION = 1;
				DEVELOPMENT_TEAM = HCK9FFW6UX;
				ENABLE_PREVIEWS = YES;
				GENERATE_INFOPLIST_FILE = YES;
				INFOPLIST_FILE = MeetJournal/Info.plist;
				INFOPLIST_KEY_CFBundleDisplayName = Forge;
				INFOPLIST_KEY_LSApplicationCategoryType = "public.app-category.sports";
				INFOPLIST_KEY_UIApplicationSceneManifest_Generation = YES;
				INFOPLIST_KEY_UIApplicationSupportsIndirectInputEvents = YES;
				INFOPLIST_KEY_UILaunchScreen_Generation = NO;
				INFOPLIST_KEY_UISupportedInterfaceOrientations = UIInterfaceOrientationPortrait;
				INFOPLIST_KEY_UISupportedInterfaceOrientations_iPad = "UIInterfaceOrientationLandscapeLeft UIInterfaceOrientationLandscapeRight UIInterfaceOrientationPortrait UIInterfaceOrientationPortraitUpsideDown";
				IPHONEOS_DEPLOYMENT_TARGET = 18.0;
				LD_RUNPATH_SEARCH_PATHS = (
					"$(inherited)",
					"@executable_path/Frameworks",
				);
				MARKETING_VERSION = 1.0.0;
				PRODUCT_BUNDLE_IDENTIFIER = com.memohnsen.MeetJournal;
				PRODUCT_NAME = "$(TARGET_NAME)";
				STRING_CATALOG_GENERATE_SYMBOLS = YES;
				SUPPORTED_PLATFORMS = "iphoneos iphonesimulator";
				SUPPORTS_MACCATALYST = NO;
				SUPPORTS_MAC_DESIGNED_FOR_IPHONE_IPAD = NO;
				SUPPORTS_XR_DESIGNED_FOR_IPHONE_IPAD = NO;
				SWIFT_APPROACHABLE_CONCURRENCY = YES;
				SWIFT_DEFAULT_ACTOR_ISOLATION = MainActor;
				SWIFT_EMIT_LOC_STRINGS = YES;
				SWIFT_UPCOMING_FEATURE_MEMBER_IMPORT_VISIBILITY = YES;
				SWIFT_VERSION = 5.0;
				TARGETED_DEVICE_FAMILY = 1;
			};
			name = Debug;
		};
		719E07A02EFD868300ACB70A /* Release */ = {
			isa = XCBuildConfiguration;
			buildSettings = {
				ASSETCATALOG_COMPILER_APPICON_NAME = icon;
				ASSETCATALOG_COMPILER_GLOBAL_ACCENT_COLOR_NAME = AccentColor;
				ASSETCATALOG_COMPILER_INCLUDE_ALL_APPICON_ASSETS = YES;
				CODE_SIGN_ENTITLEMENTS = MeetJournal/MeetJournal.entitlements;
				CODE_SIGN_STYLE = Automatic;
				CURRENT_PROJECT_VERSION = 1;
				DEVELOPMENT_TEAM = HCK9FFW6UX;
				ENABLE_PREVIEWS = YES;
				GENERATE_INFOPLIST_FILE = YES;
				INFOPLIST_FILE = MeetJournal/Info.plist;
				INFOPLIST_KEY_CFBundleDisplayName = Forge;
				INFOPLIST_KEY_LSApplicationCategoryType = "public.app-category.sports";
				INFOPLIST_KEY_UIApplicationSceneManifest_Generation = YES;
				INFOPLIST_KEY_UIApplicationSupportsIndirectInputEvents = YES;
				INFOPLIST_KEY_UILaunchScreen_Generation = NO;
				INFOPLIST_KEY_UISupportedInterfaceOrientations = UIInterfaceOrientationPortrait;
				INFOPLIST_KEY_UISupportedInterfaceOrientations_iPad = "UIInterfaceOrientationLandscapeLeft UIInterfaceOrientationLandscapeRight UIInterfaceOrientationPortrait UIInterfaceOrientationPortraitUpsideDown";
				IPHONEOS_DEPLOYMENT_TARGET = 18.0;
				LD_RUNPATH_SEARCH_PATHS = (
					"$(inherited)",
					"@executable_path/Frameworks",
				);
				MARKETING_VERSION = 1.0.0;
				PRODUCT_BUNDLE_IDENTIFIER = com.memohnsen.MeetJournal;
				PRODUCT_NAME = "$(TARGET_NAME)";
				STRING_CATALOG_GENERATE_SYMBOLS = YES;
				SUPPORTED_PLATFORMS = "iphoneos iphonesimulator";
				SUPPORTS_MACCATALYST = NO;
				SUPPORTS_MAC_DESIGNED_FOR_IPHONE_IPAD = NO;
				SUPPORTS_XR_DESIGNED_FOR_IPHONE_IPAD = NO;
				SWIFT_APPROACHABLE_CONCURRENCY = YES;
				SWIFT_DEFAULT_ACTOR_ISOLATION = MainActor;
				SWIFT_EMIT_LOC_STRINGS = YES;
				SWIFT_UPCOMING_FEATURE_MEMBER_IMPORT_VISIBILITY = YES;
				SWIFT_VERSION = 5.0;
				TARGETED_DEVICE_FAMILY = 1;
			};
			name = Release;
		};
		71C6AE5A2F00BDEB0070952D /* Debug */ = {
			isa = XCBuildConfiguration;
			buildSettings = {
				ASSETCATALOG_COMPILER_GLOBAL_ACCENT_COLOR_NAME = AccentColor;
				ASSETCATALOG_COMPILER_WIDGET_BACKGROUND_COLOR_NAME = WidgetBackground;
				CODE_SIGN_STYLE = Automatic;
				CURRENT_PROJECT_VERSION = 1;
				DEVELOPMENT_TEAM = HCK9FFW6UX;
				GENERATE_INFOPLIST_FILE = YES;
				INFOPLIST_FILE = JournalWidget/Info.plist;
				INFOPLIST_KEY_CFBundleDisplayName = JournalWidget;
				INFOPLIST_KEY_NSHumanReadableCopyright = "";
				LD_RUNPATH_SEARCH_PATHS = (
					"$(inherited)",
					"@executable_path/Frameworks",
					"@executable_path/../../Frameworks",
				);
				MARKETING_VERSION = 1.0.0;
				PRODUCT_BUNDLE_IDENTIFIER = com.memohnsen.MeetJournal.JournalWidget;
				PRODUCT_NAME = "$(TARGET_NAME)";
				SKIP_INSTALL = YES;
				STRING_CATALOG_GENERATE_SYMBOLS = YES;
				SUPPORTED_PLATFORMS = "iphoneos iphonesimulator";
				SUPPORTS_MACCATALYST = NO;
				SUPPORTS_MAC_DESIGNED_FOR_IPHONE_IPAD = NO;
				SUPPORTS_XR_DESIGNED_FOR_IPHONE_IPAD = NO;
				SWIFT_APPROACHABLE_CONCURRENCY = YES;
				SWIFT_EMIT_LOC_STRINGS = YES;
				SWIFT_UPCOMING_FEATURE_MEMBER_IMPORT_VISIBILITY = YES;
				SWIFT_VERSION = 5.0;
				TARGETED_DEVICE_FAMILY = 1;
			};
			name = Debug;
		};
		71C6AE5B2F00BDEB0070952D /* Release */ = {
			isa = XCBuildConfiguration;
			buildSettings = {
				ASSETCATALOG_COMPILER_GLOBAL_ACCENT_COLOR_NAME = AccentColor;
				ASSETCATALOG_COMPILER_WIDGET_BACKGROUND_COLOR_NAME = WidgetBackground;
				CODE_SIGN_STYLE = Automatic;
				CURRENT_PROJECT_VERSION = 1;
				DEVELOPMENT_TEAM = HCK9FFW6UX;
				GENERATE_INFOPLIST_FILE = YES;
				INFOPLIST_FILE = JournalWidget/Info.plist;
				INFOPLIST_KEY_CFBundleDisplayName = JournalWidget;
				INFOPLIST_KEY_NSHumanReadableCopyright = "";
				LD_RUNPATH_SEARCH_PATHS = (
					"$(inherited)",
					"@executable_path/Frameworks",
					"@executable_path/../../Frameworks",
				);
				MARKETING_VERSION = 1.0.0;
				PRODUCT_BUNDLE_IDENTIFIER = com.memohnsen.MeetJournal.JournalWidget;
				PRODUCT_NAME = "$(TARGET_NAME)";
				SKIP_INSTALL = YES;
				STRING_CATALOG_GENERATE_SYMBOLS = YES;
				SUPPORTED_PLATFORMS = "iphoneos iphonesimulator";
				SUPPORTS_MACCATALYST = NO;
				SUPPORTS_MAC_DESIGNED_FOR_IPHONE_IPAD = NO;
				SUPPORTS_XR_DESIGNED_FOR_IPHONE_IPAD = NO;
				SWIFT_APPROACHABLE_CONCURRENCY = YES;
				SWIFT_EMIT_LOC_STRINGS = YES;
				SWIFT_UPCOMING_FEATURE_MEMBER_IMPORT_VISIBILITY = YES;
				SWIFT_VERSION = 5.0;
				TARGETED_DEVICE_FAMILY = 1;
			};
			name = Release;
		};
/* End XCBuildConfiguration section */

/* Begin XCConfigurationList section */
		719E078E2EFD868200ACB70A /* Build configuration list for PBXProject "MeetJournal" */ = {
			isa = XCConfigurationList;
			buildConfigurations = (
				719E079C2EFD868300ACB70A /* Debug */,
				719E079D2EFD868300ACB70A /* Release */,
			);
			defaultConfigurationIsVisible = 0;
			defaultConfigurationName = Release;
		};
		719E079E2EFD868300ACB70A /* Build configuration list for PBXNativeTarget "MeetJournal" */ = {
			isa = XCConfigurationList;
			buildConfigurations = (
				719E079F2EFD868300ACB70A /* Debug */,
				719E07A02EFD868300ACB70A /* Release */,
			);
			defaultConfigurationIsVisible = 0;
			defaultConfigurationName = Release;
		};
		71C6AE592F00BDEB0070952D /* Build configuration list for PBXNativeTarget "JournalWidgetExtension" */ = {
			isa = XCConfigurationList;
			buildConfigurations = (
				71C6AE5A2F00BDEB0070952D /* Debug */,
				71C6AE5B2F00BDEB0070952D /* Release */,
			);
			defaultConfigurationIsVisible = 0;
			defaultConfigurationName = Release;
		};
/* End XCConfigurationList section */

/* Begin XCRemoteSwiftPackageReference section */
		714CD1BA2EFDC22200FE4D9A /* XCRemoteSwiftPackageReference "supabase-swift" */ = {
			isa = XCRemoteSwiftPackageReference;
			repositoryURL = "https://github.com/supabase/supabase-swift";
			requirement = {
				kind = upToNextMajorVersion;
				minimumVersion = 2.5.1;
			};
		};
		714CD1C52EFDD62500FE4D9A /* XCRemoteSwiftPackageReference "ConfettiSwiftUI" */ = {
			isa = XCRemoteSwiftPackageReference;
			repositoryURL = "https://github.com/simibac/ConfettiSwiftUI";
			requirement = {
				kind = upToNextMajorVersion;
				minimumVersion = 2.0.3;
			};
		};
		714CD1FE2EFF214E00FE4D9A /* XCRemoteSwiftPackageReference "clerk-ios" */ = {
			isa = XCRemoteSwiftPackageReference;
			repositoryURL = "https://github.com/clerk/clerk-ios";
			requirement = {
				kind = upToNextMajorVersion;
				minimumVersion = 0.71.4;
			};
		};
		714CD2012EFF215B00FE4D9A /* XCRemoteSwiftPackageReference "posthog-ios" */ = {
			isa = XCRemoteSwiftPackageReference;
			repositoryURL = "https://github.com/PostHog/posthog-ios";
			requirement = {
				kind = upToNextMajorVersion;
				minimumVersion = 3.36.2;
			};
		};
		714CD37D2F004FCE00FE4D9A /* XCRemoteSwiftPackageReference "purchases-ios-spm" */ = {
			isa = XCRemoteSwiftPackageReference;
			repositoryURL = "https://github.com/RevenueCat/purchases-ios-spm";
			requirement = {
				kind = upToNextMajorVersion;
				minimumVersion = 5.52.0;
			};
		};
/* End XCRemoteSwiftPackageReference section */

/* Begin XCSwiftPackageProductDependency section */
		714CD1BB2EFDC22200FE4D9A /* Supabase */ = {
			isa = XCSwiftPackageProductDependency;
			package = 714CD1BA2EFDC22200FE4D9A /* XCRemoteSwiftPackageReference "supabase-swift" */;
			productName = Supabase;
		};
		714CD1C62EFDD62500FE4D9A /* ConfettiSwiftUI */ = {
			isa = XCSwiftPackageProductDependency;
			package = 714CD1C52EFDD62500FE4D9A /* XCRemoteSwiftPackageReference "ConfettiSwiftUI" */;
			productName = ConfettiSwiftUI;
		};
		714CD1FF2EFF214E00FE4D9A /* Clerk */ = {
			isa = XCSwiftPackageProductDependency;
			package = 714CD1FE2EFF214E00FE4D9A /* XCRemoteSwiftPackageReference "clerk-ios" */;
			productName = Clerk;
		};
		714CD2022EFF215B00FE4D9A /* PostHog */ = {
			isa = XCSwiftPackageProductDependency;
			package = 714CD2012EFF215B00FE4D9A /* XCRemoteSwiftPackageReference "posthog-ios" */;
			productName = PostHog;
		};
		714CD37E2F004FCE00FE4D9A /* RevenueCat */ = {
			isa = XCSwiftPackageProductDependency;
			package = 714CD37D2F004FCE00FE4D9A /* XCRemoteSwiftPackageReference "purchases-ios-spm" */;
			productName = RevenueCat;
		};
		714CD3802F004FCE00FE4D9A /* RevenueCatUI */ = {
			isa = XCSwiftPackageProductDependency;
			package = 714CD37D2F004FCE00FE4D9A /* XCRemoteSwiftPackageReference "purchases-ios-spm" */;
			productName = RevenueCatUI;
		};
/* End XCSwiftPackageProductDependency section */
	};
	rootObject = 719E078B2EFD868200ACB70A /* Project object */;
}
